// !$*UTF8*$!
{
	archiveVersion = 1;
	classes = {
	};
	objectVersion = 46;
	objects = {

/* Begin PBXBuildFile section */
		C108B0EC1BC5B98D005CAD01 /* MyImageView.swift in Sources */ = {isa = PBXBuildFile; fileRef = C108B0EB1BC5B98D005CAD01 /* MyImageView.swift */; settings = {ASSET_TAGS = (); }; };
		C1F925E71BC45B11007786DB /* AppDelegate.swift in Sources */ = {isa = PBXBuildFile; fileRef = C1F925E61BC45B11007786DB /* AppDelegate.swift */; };
		C1F925E91BC45B11007786DB /* ViewController.swift in Sources */ = {isa = PBXBuildFile; fileRef = C1F925E81BC45B11007786DB /* ViewController.swift */; };
		C1F925EC1BC45B11007786DB /* Main.storyboard in Resources */ = {isa = PBXBuildFile; fileRef = C1F925EA1BC45B11007786DB /* Main.storyboard */; };
		C1F925EE1BC45B11007786DB /* Assets.xcassets in Resources */ = {isa = PBXBuildFile; fileRef = C1F925ED1BC45B11007786DB /* Assets.xcassets */; };
		C1F925F11BC45B11007786DB /* LaunchScreen.storyboard in Resources */ = {isa = PBXBuildFile; fileRef = C1F925EF1BC45B11007786DB /* LaunchScreen.storyboard */; };
		C1F925F91BC45DC6007786DB /* monalisa.jpg in Resources */ = {isa = PBXBuildFile; fileRef = C1F925F81BC45DC6007786DB /* monalisa.jpg */; settings = {ASSET_TAGS = (); }; };
/* End PBXBuildFile section */

/* Begin PBXFileReference section */
		C108B0EB1BC5B98D005CAD01 /* MyImageView.swift */ = {isa = PBXFileReference; fileEncoding = 4; lastKnownFileType = sourcecode.swift; path = MyImageView.swift; sourceTree = "<group>"; };
		C1F925E31BC45B11007786DB /* ConkChopper.app */ = {isa = PBXFileReference; explicitFileType = wrapper.application; includeInIndex = 0; path = ConkChopper.app; sourceTree = BUILT_PRODUCTS_DIR; };
		C1F925E61BC45B11007786DB /* AppDelegate.swift */ = {isa = PBXFileReference; lastKnownFileType = sourcecode.swift; path = AppDelegate.swift; sourceTree = "<group>"; };
		C1F925E81BC45B11007786DB /* ViewController.swift */ = {isa = PBXFileReference; lastKnownFileType = sourcecode.swift; path = ViewController.swift; sourceTree = "<group>"; };
		C1F925EB1BC45B11007786DB /* Base */ = {isa = PBXFileReference; lastKnownFileType = file.storyboard; name = Base; path = Base.lproj/Main.storyboard; sourceTree = "<group>"; };
		C1F925ED1BC45B11007786DB /* Assets.xcassets */ = {isa = PBXFileReference; lastKnownFileType = folder.assetcatalog; path = Assets.xcassets; sourceTree = "<group>"; };
		C1F925F01BC45B11007786DB /* Base */ = {isa = PBXFileReference; lastKnownFileType = file.storyboard; name = Base; path = Base.lproj/LaunchScreen.storyboard; sourceTree = "<group>"; };
		C1F925F21BC45B11007786DB /* Info.plist */ = {isa = PBXFileReference; lastKnownFileType = text.plist.xml; path = Info.plist; sourceTree = "<group>"; };
		C1F925F81BC45DC6007786DB /* monalisa.jpg */ = {isa = PBXFileReference; lastKnownFileType = image.jpeg; path = monalisa.jpg; sourceTree = "<group>"; };
/* End PBXFileReference section */

/* Begin PBXFrameworksBuildPhase section */
		C1F925E01BC45B11007786DB /* Frameworks */ = {
			isa = PBXFrameworksBuildPhase;
			buildActionMask = 2147483647;
			files = (
			);
			runOnlyForDeploymentPostprocessing = 0;
		};
/* End PBXFrameworksBuildPhase section */

/* Begin PBXGroup section */
		C1F925DA1BC45B11007786DB = {
			isa = PBXGroup;
			children = (
				C1F925E51BC45B11007786DB /* ConkChopper */,
				C1F925E41BC45B11007786DB /* Products */,
			);
			sourceTree = "<group>";
		};
		C1F925E41BC45B11007786DB /* Products */ = {
			isa = PBXGroup;
			children = (
				C1F925E31BC45B11007786DB /* ConkChopper.app */,
			);
			name = Products;
			sourceTree = "<group>";
		};
		C1F925E51BC45B11007786DB /* ConkChopper */ = {
			isa = PBXGroup;
			children = (
				C1F925F81BC45DC6007786DB /* monalisa.jpg */,
				C1F925E61BC45B11007786DB /* AppDelegate.swift */,
				C1F925E81BC45B11007786DB /* ViewController.swift */,
				C1F925EA1BC45B11007786DB /* Main.storyboard */,
				C1F925ED1BC45B11007786DB /* Assets.xcassets */,
				C1F925EF1BC45B11007786DB /* LaunchScreen.storyboard */,
				C1F925F21BC45B11007786DB /* Info.plist */,
				C108B0EB1BC5B98D005CAD01 /* MyImageView.swift */,
			);
			path = ConkChopper;
			sourceTree = "<group>";
		};
/* End PBXGroup section */

/* Begin PBXNativeTarget section */
		C1F925E21BC45B11007786DB /* ConkChopper */ = {
			isa = PBXNativeTarget;
			buildConfigurationList = C1F925F51BC45B11007786DB /* Build configuration list for PBXNativeTarget "ConkChopper" */;
			buildPhases = (
				C1F925DF1BC45B11007786DB /* Sources */,
				C1F925E01BC45B11007786DB /* Frameworks */,
				C1F925E11BC45B11007786DB /* Resources */,
			);
			buildRules = (
			);
			dependencies = (
			);
			name = ConkChopper;
			productName = ConkChopper;
			productReference = C1F925E31BC45B11007786DB /* ConkChopper.app */;
			productType = "com.apple.product-type.application";
		};
/* End PBXNativeTarget section */

/* Begin PBXProject section */
		C1F925DB1BC45B11007786DB /* Project object */ = {
			isa = PBXProject;
			attributes = {
				LastUpgradeCheck = 0700;
				ORGANIZATIONNAME = foobarber;
				TargetAttributes = {
					C1F925E21BC45B11007786DB = {
						CreatedOnToolsVersion = 7.0.1;
						DevelopmentTeam = 9ZFKS2DTA8;
					};
				};
			};
			buildConfigurationList = C1F925DE1BC45B11007786DB /* Build configuration list for PBXProject "ConkChopper" */;
			compatibilityVersion = "Xcode 3.2";
			developmentRegion = English;
			hasScannedForEncodings = 0;
			knownRegions = (
				en,
				Base,
			);
			mainGroup = C1F925DA1BC45B11007786DB;
			productRefGroup = C1F925E41BC45B11007786DB /* Products */;
			projectDirPath = "";
			projectRoot = "";
			targets = (
				C1F925E21BC45B11007786DB /* ConkChopper */,
			);
		};
/* End PBXProject section */

/* Begin PBXResourcesBuildPhase section */
		C1F925E11BC45B11007786DB /* Resources */ = {
			isa = PBXResourcesBuildPhase;
			buildActionMask = 2147483647;
			files = (
				C1F925F11BC45B11007786DB /* LaunchScreen.storyboard in Resources */,
				C1F925EE1BC45B11007786DB /* Assets.xcassets in Resources */,
				C1F925EC1BC45B11007786DB /* Main.storyboard in Resources */,
				C1F925F91BC45DC6007786DB /* monalisa.jpg in Resources */,
			);
			runOnlyForDeploymentPostprocessing = 0;
		};
/* End PBXResourcesBuildPhase section */

/* Begin PBXSourcesBuildPhase section */
		C1F925DF1BC45B11007786DB /* Sources */ = {
			isa = PBXSourcesBuildPhase;
			buildActionMask = 2147483647;
			files = (
				C1F925E91BC45B11007786DB /* ViewController.swift in Sources */,
				C1F925E71BC45B11007786DB /* AppDelegate.swift in Sources */,
				C108B0EC1BC5B98D005CAD01 /* MyImageView.swift in Sources */,
			);
			runOnlyForDeploymentPostprocessing = 0;
		};
/* End PBXSourcesBuildPhase section */

/* Begin PBXVariantGroup section */
		C1F925EA1BC45B11007786DB /* Main.storyboard */ = {
			isa = PBXVariantGroup;
			children = (
				C1F925EB1BC45B11007786DB /* Base */,
			);
			name = Main.storyboard;
			sourceTree = "<group>";
		};
		C1F925EF1BC45B11007786DB /* LaunchScreen.storyboard */ = {
			isa = PBXVariantGroup;
			children = (
				C1F925F01BC45B11007786DB /* Base */,
			);
			name = LaunchScreen.storyboard;
			sourceTree = "<group>";
		};
/* End PBXVariantGroup section */

/* Begin XCBuildConfiguration section */
		C1F925F31BC45B11007786DB /* Debug */ = {
			isa = XCBuildConfiguration;
			buildSettings = {
				ALWAYS_SEARCH_USER_PATHS = NO;
				CLANG_CXX_LANGUAGE_STANDARD = "gnu++0x";
				CLANG_CXX_LIBRARY = "libc++";
				CLANG_ENABLE_MODULES = YES;
				CLANG_ENABLE_OBJC_ARC = YES;
				CLANG_WARN_BOOL_CONVERSION = YES;
				CLANG_WARN_CONSTANT_CONVERSION = YES;
				CLANG_WARN_DIRECT_OBJC_ISA_USAGE = YES_ERROR;
				CLANG_WARN_EMPTY_BODY = YES;
				CLANG_WARN_ENUM_CONVERSION = YES;
				CLANG_WARN_INT_CONVERSION = YES;
				CLANG_WARN_OBJC_ROOT_CLASS = YES_ERROR;
				CLANG_WARN_UNREACHABLE_CODE = YES;
				CLANG_WARN__DUPLICATE_METHOD_MATCH = YES;
				"CODE_SIGN_IDENTITY[sdk=iphoneos*]" = "iPhone Developer";
				COPY_PHASE_STRIP = NO;
				DEBUG_INFORMATION_FORMAT = dwarf;
				ENABLE_STRICT_OBJC_MSGSEND = YES;
				ENABLE_TESTABILITY = YES;
				GCC_C_LANGUAGE_STANDARD = gnu99;
				GCC_DYNAMIC_NO_PIC = NO;
				GCC_NO_COMMON_BLOCKS = YES;
				GCC_OPTIMIZATION_LEVEL = 0;
				GCC_PREPROCESSOR_DEFINITIONS = (
					"DEBUG=1",
					"$(inherited)",
				);
				GCC_WARN_64_TO_32_BIT_CONVERSION = YES;
				GCC_WARN_ABOUT_RETURN_TYPE = YES_ERROR;
				GCC_WARN_UNDECLARED_SELECTOR = YES;
				GCC_WARN_UNINITIALIZED_AUTOS = YES_AGGRESSIVE;
				GCC_WARN_UNUSED_FUNCTION = YES;
				GCC_WARN_UNUSED_VARIABLE = YES;
				IPHONEOS_DEPLOYMENT_TARGET = 9.0;
				MTL_ENABLE_DEBUG_INFO = YES;
				ONLY_ACTIVE_ARCH = YES;
				SDKROOT = iphoneos;
				SWIFT_OPTIMIZATION_LEVEL = "-Onone";
			};
			name = Debug;
		};
		C1F925F41BC45B11007786DB /* Release */ = {
			isa = XCBuildConfiguration;
			buildSettings = {
				ALWAYS_SEARCH_USER_PATHS = NO;
				CLANG_CXX_LANGUAGE_STANDARD = "gnu++0x";
				CLANG_CXX_LIBRARY = "libc++";
				CLANG_ENABLE_MODULES = YES;
				CLANG_ENABLE_OBJC_ARC = YES;
				CLANG_WARN_BOOL_CONVERSION = YES;
				CLANG_WARN_CONSTANT_CONVERSION = YES;
				CLANG_WARN_DIRECT_OBJC_ISA_USAGE = YES_ERROR;
				CLANG_WARN_EMPTY_BODY = YES;
				CLANG_WARN_ENUM_CONVERSION = YES;
				CLANG_WARN_INT_CONVERSION = YES;
				CLANG_WARN_OBJC_ROOT_CLASS = YES_ERROR;
				CLANG_WARN_UNREACHABLE_CODE = YES;
				CLANG_WARN__DUPLICATE_METHOD_MATCH = YES;
				"CODE_SIGN_IDENTITY[sdk=iphoneos*]" = "iPhone Developer";
				COPY_PHASE_STRIP = NO;
				DEBUG_INFORMATION_FORMAT = "dwarf-with-dsym";
				ENABLE_NS_ASSERTIONS = NO;
				ENABLE_STRICT_OBJC_MSGSEND = YES;
				GCC_C_LANGUAGE_STANDARD = gnu99;
				GCC_NO_COMMON_BLOCKS = YES;
				GCC_WARN_64_TO_32_BIT_CONVERSION = YES;
				GCC_WARN_ABOUT_RETURN_TYPE = YES_ERROR;
				GCC_WARN_UNDECLARED_SELECTOR = YES;
				GCC_WARN_UNINITIALIZED_AUTOS = YES_AGGRESSIVE;
				GCC_WARN_UNUSED_FUNCTION = YES;
				GCC_WARN_UNUSED_VARIABLE = YES;
				IPHONEOS_DEPLOYMENT_TARGET = 9.0;
				MTL_ENABLE_DEBUG_INFO = NO;
				SDKROOT = iphoneos;
				VALIDATE_PRODUCT = YES;
			};
			name = Release;
		};
		C1F925F61BC45B11007786DB /* Debug */ = {
			isa = XCBuildConfiguration;
			buildSettings = {
				ASSETCATALOG_COMPILER_APPICON_NAME = AppIcon;
				CODE_SIGN_IDENTITY = "iPhone Developer";
				"CODE_SIGN_IDENTITY[sdk=iphoneos*]" = "iPhone Developer";
				INFOPLIST_FILE = ConkChopper/Info.plist;
				LD_RUNPATH_SEARCH_PATHS = "$(inherited) @executable_path/Frameworks";
				PRODUCT_BUNDLE_IDENTIFIER = local.foobarber.ConkChopper;
				PRODUCT_NAME = "$(TARGET_NAME)";
				PROVISIONING_PROFILE = "";
			};
			name = Debug;
		};
		C1F925F71BC45B11007786DB /* Release */ = {
			isa = XCBuildConfiguration;
			buildSettings = {
				ASSETCATALOG_COMPILER_APPICON_NAME = AppIcon;
				CODE_SIGN_IDENTITY = "iPhone Developer";
				"CODE_SIGN_IDENTITY[sdk=iphoneos*]" = "iPhone Developer";
				INFOPLIST_FILE = ConkChopper/Info.plist;
				LD_RUNPATH_SEARCH_PATHS = "$(inherited) @executable_path/Frameworks";
				PRODUCT_BUNDLE_IDENTIFIER = local.foobarber.ConkChopper;
				PRODUCT_NAME = "$(TARGET_NAME)";
				PROVISIONING_PROFILE = "";
			};
			name = Release;
		};
/* End XCBuildConfiguration section */

/* Begin XCConfigurationList section */
		C1F925DE1BC45B11007786DB /* Build configuration list for PBXProject "ConkChopper" */ = {
			isa = XCConfigurationList;
			buildConfigurations = (
				C1F925F31BC45B11007786DB /* Debug */,
				C1F925F41BC45B11007786DB /* Release */,
			);
			defaultConfigurationIsVisible = 0;
			defaultConfigurationName = Release;
		};
		C1F925F51BC45B11007786DB /* Build configuration list for PBXNativeTarget "ConkChopper" */ = {
			isa = XCConfigurationList;
			buildConfigurations = (
				C1F925F61BC45B11007786DB /* Debug */,
				C1F925F71BC45B11007786DB /* Release */,
			);
			defaultConfigurationIsVisible = 0;
			defaultConfigurationName = Release;
		};
/* End XCConfigurationList section */
	};
	rootObject = C1F925DB1BC45B11007786DB /* Project object */;
}
